
Microsoft Visual Studio Solution File, Format Version 12.00
# Visual Studio Version 17
VisualStudioVersion = 17.4.33205.214
MinimumVisualStudioVersion = 10.0.40219.1
Project("{9A19103F-16F7-4668-BE54-9A1E7A4F7556}") = "BuildWebAPI", "BuildWebAPI\BuildWebAPI.csproj", "{CFB45173-A6F4-4A2A-B12C-16BDC192FD70}"
EndProject
Project("{9A19103F-16F7-4668-BE54-9A1E7A4F7556}") = "CallWebAPI_", "CallWebAPI\CallWebAPI_.csproj", "{7E8E6E24-C8B3-4E73-9C3A-A173D659A9EB}"
EndProject
Project("{FAE04EC0-301F-11D3-BF4B-00C04F79EFBC}") = "Utility", "Utility\Utility.csproj", "{8A80093C-7BBD-40D1-AFD4-005B333505C0}"
EndProject
Project("{FAE04EC0-301F-11D3-BF4B-00C04F79EFBC}") = "CallWebAPI", "CallWebAPI\CallWebAPI.csproj", "{C255D3D3-4278-4483-8E36-EE938918E3C8}"
EndProject
Global
	GlobalSection(SolutionConfigurationPlatforms) = preSolution
		Debug|Any CPU = Debug|Any CPU
		Debug|ARM = Debug|ARM
		Debug|ARM64 = Debug|ARM64
		Debug|x64 = Debug|x64
		Debug|x86 = Debug|x86
		Release|Any CPU = Release|Any CPU
		Release|ARM = Release|ARM
		Release|ARM64 = Release|ARM64
		Release|x64 = Release|x64
		Release|x86 = Release|x86
	EndGlobalSection
	GlobalSection(ProjectConfigurationPlatforms) = postSolution
		{CFB45173-A6F4-4A2A-B12C-16BDC192FD70}.Debug|Any CPU.ActiveCfg = Debug|Any CPU
		{CFB45173-A6F4-4A2A-B12C-16BDC192FD70}.Debug|Any CPU.Build.0 = Debug|Any CPU
		{CFB45173-A6F4-4A2A-B12C-16BDC192FD70}.Debug|ARM.ActiveCfg = Debug|Any CPU
		{CFB45173-A6F4-4A2A-B12C-16BDC192FD70}.Debug|ARM.Build.0 = Debug|Any CPU
		{CFB45173-A6F4-4A2A-B12C-16BDC192FD70}.Debug|ARM64.ActiveCfg = Debug|Any CPU
		{CFB45173-A6F4-4A2A-B12C-16BDC192FD70}.Debug|ARM64.Build.0 = Debug|Any CPU
		{CFB45173-A6F4-4A2A-B12C-16BDC192FD70}.Debug|x64.ActiveCfg = Debug|Any CPU
		{CFB45173-A6F4-4A2A-B12C-16BDC192FD70}.Debug|x64.Build.0 = Debug|Any CPU
		{CFB45173-A6F4-4A2A-B12C-16BDC192FD70}.Debug|x86.ActiveCfg = Debug|Any CPU
		{CFB45173-A6F4-4A2A-B12C-16BDC192FD70}.Debug|x86.Build.0 = Debug|Any CPU
		{CFB45173-A6F4-4A2A-B12C-16BDC192FD70}.Release|Any CPU.ActiveCfg = Release|Any CPU
		{CFB45173-A6F4-4A2A-B12C-16BDC192FD70}.Release|Any CPU.Build.0 = Release|Any CPU
		{CFB45173-A6F4-4A2A-B12C-16BDC192FD70}.Release|ARM.ActiveCfg = Release|Any CPU
		{CFB45173-A6F4-4A2A-B12C-16BDC192FD70}.Release|ARM.Build.0 = Release|Any CPU
		{CFB45173-A6F4-4A2A-B12C-16BDC192FD70}.Release|ARM64.ActiveCfg = Release|Any CPU
		{CFB45173-A6F4-4A2A-B12C-16BDC192FD70}.Release|ARM64.Build.0 = Release|Any CPU
		{CFB45173-A6F4-4A2A-B12C-16BDC192FD70}.Release|x64.ActiveCfg = Release|Any CPU
		{CFB45173-A6F4-4A2A-B12C-16BDC192FD70}.Release|x64.Build.0 = Release|Any CPU
		{CFB45173-A6F4-4A2A-B12C-16BDC192FD70}.Release|x86.ActiveCfg = Release|Any CPU
		{CFB45173-A6F4-4A2A-B12C-16BDC192FD70}.Release|x86.Build.0 = Release|Any CPU
		{7E8E6E24-C8B3-4E73-9C3A-A173D659A9EB}.Debug|Any CPU.ActiveCfg = Debug|Any CPU
		{7E8E6E24-C8B3-4E73-9C3A-A173D659A9EB}.Debug|Any CPU.Build.0 = Debug|Any CPU
		{7E8E6E24-C8B3-4E73-9C3A-A173D659A9EB}.Debug|ARM.ActiveCfg = Debug|Any CPU
		{7E8E6E24-C8B3-4E73-9C3A-A173D659A9EB}.Debug|ARM.Build.0 = Debug|Any CPU
		{7E8E6E24-C8B3-4E73-9C3A-A173D659A9EB}.Debug|ARM64.ActiveCfg = Debug|Any CPU
		{7E8E6E24-C8B3-4E73-9C3A-A173D659A9EB}.Debug|ARM64.Build.0 = Debug|Any CPU
		{7E8E6E24-C8B3-4E73-9C3A-A173D659A9EB}.Debug|x64.ActiveCfg = Debug|Any CPU
		{7E8E6E24-C8B3-4E73-9C3A-A173D659A9EB}.Debug|x64.Build.0 = Debug|Any CPU
		{7E8E6E24-C8B3-4E73-9C3A-A173D659A9EB}.Debug|x86.ActiveCfg = Debug|Any CPU
		{7E8E6E24-C8B3-4E73-9C3A-A173D659A9EB}.Debug|x86.Build.0 = Debug|Any CPU
		{7E8E6E24-C8B3-4E73-9C3A-A173D659A9EB}.Release|Any CPU.ActiveCfg = Release|Any CPU
		{7E8E6E24-C8B3-4E73-9C3A-A173D659A9EB}.Release|Any CPU.Build.0 = Release|Any CPU
		{7E8E6E24-C8B3-4E73-9C3A-A173D659A9EB}.Release|ARM.ActiveCfg = Release|Any CPU
		{7E8E6E24-C8B3-4E73-9C3A-A173D659A9EB}.Release|ARM.Build.0 = Release|Any CPU
		{7E8E6E24-C8B3-4E73-9C3A-A173D659A9EB}.Release|ARM64.ActiveCfg = Release|Any CPU
		{7E8E6E24-C8B3-4E73-9C3A-A173D659A9EB}.Release|ARM64.Build.0 = Release|Any CPU
		{7E8E6E24-C8B3-4E73-9C3A-A173D659A9EB}.Release|x64.ActiveCfg = Release|Any CPU
		{7E8E6E24-C8B3-4E73-9C3A-A173D659A9EB}.Release|x64.Build.0 = Release|Any CPU
		{7E8E6E24-C8B3-4E73-9C3A-A173D659A9EB}.Release|x86.ActiveCfg = Release|Any CPU
		{7E8E6E24-C8B3-4E73-9C3A-A173D659A9EB}.Release|x86.Build.0 = Release|Any CPU
		{8A80093C-7BBD-40D1-AFD4-005B333505C0}.Debug|Any CPU.ActiveCfg = Debug|Any CPU
		{8A80093C-7BBD-40D1-AFD4-005B333505C0}.Debug|Any CPU.Build.0 = Debug|Any CPU
		{8A80093C-7BBD-40D1-AFD4-005B333505C0}.Debug|ARM.ActiveCfg = Debug|Any CPU
		{8A80093C-7BBD-40D1-AFD4-005B333505C0}.Debug|ARM.Build.0 = Debug|Any CPU
		{8A80093C-7BBD-40D1-AFD4-005B333505C0}.Debug|ARM64.ActiveCfg = Debug|Any CPU
		{8A80093C-7BBD-40D1-AFD4-005B333505C0}.Debug|ARM64.Build.0 = Debug|Any CPU
		{8A80093C-7BBD-40D1-AFD4-005B333505C0}.Debug|x64.ActiveCfg = Debug|Any CPU
		{8A80093C-7BBD-40D1-AFD4-005B333505C0}.Debug|x64.Build.0 = Debug|Any CPU
		{8A80093C-7BBD-40D1-AFD4-005B333505C0}.Debug|x86.ActiveCfg = Debug|Any CPU
		{8A80093C-7BBD-40D1-AFD4-005B333505C0}.Debug|x86.Build.0 = Debug|Any CPU
		{8A80093C-7BBD-40D1-AFD4-005B333505C0}.Release|Any CPU.ActiveCfg = Release|Any CPU
		{8A80093C-7BBD-40D1-AFD4-005B333505C0}.Release|Any CPU.Build.0 = Release|Any CPU
		{8A80093C-7BBD-40D1-AFD4-005B333505C0}.Release|ARM.ActiveCfg = Release|Any CPU
		{8A80093C-7BBD-40D1-AFD4-005B333505C0}.Release|ARM.Build.0 = Release|Any CPU
		{8A80093C-7BBD-40D1-AFD4-005B333505C0}.Release|ARM64.ActiveCfg = Release|Any CPU
		{8A80093C-7BBD-40D1-AFD4-005B333505C0}.Release|ARM64.Build.0 = Release|Any CPU
		{8A80093C-7BBD-40D1-AFD4-005B333505C0}.Release|x64.ActiveCfg = Release|Any CPU
		{8A80093C-7BBD-40D1-AFD4-005B333505C0}.Release|x64.Build.0 = Release|Any CPU
		{8A80093C-7BBD-40D1-AFD4-005B333505C0}.Release|x86.ActiveCfg = Release|Any CPU
		{8A80093C-7BBD-40D1-AFD4-005B333505C0}.Release|x86.Build.0 = Release|Any CPU
		{C255D3D3-4278-4483-8E36-EE938918E3C8}.Debug|Any CPU.ActiveCfg = Debug|Any CPU
		{C255D3D3-4278-4483-8E36-EE938918E3C8}.Debug|Any CPU.Build.0 = Debug|Any CPU
		{C255D3D3-4278-4483-8E36-EE938918E3C8}.Debug|ARM.ActiveCfg = Debug|Any CPU
		{C255D3D3-4278-4483-8E36-EE938918E3C8}.Debug|ARM.Build.0 = Debug|Any CPU
		{C255D3D3-4278-4483-8E36-EE938918E3C8}.Debug|ARM64.ActiveCfg = Debug|Any CPU
		{C255D3D3-4278-4483-8E36-EE938918E3C8}.Debug|ARM64.Build.0 = Debug|Any CPU
		{C255D3D3-4278-4483-8E36-EE938918E3C8}.Debug|x64.ActiveCfg = Debug|Any CPU
		{C255D3D3-4278-4483-8E36-EE938918E3C8}.Debug|x64.Build.0 = Debug|Any CPU
		{C255D3D3-4278-4483-8E36-EE938918E3C8}.Debug|x86.ActiveCfg = Debug|Any CPU
		{C255D3D3-4278-4483-8E36-EE938918E3C8}.Debug|x86.Build.0 = Debug|Any CPU
		{C255D3D3-4278-4483-8E36-EE938918E3C8}.Release|Any CPU.ActiveCfg = Release|Any CPU
		{C255D3D3-4278-4483-8E36-EE938918E3C8}.Release|Any CPU.Build.0 = Release|Any CPU
		{C255D3D3-4278-4483-8E36-EE938918E3C8}.Release|ARM.ActiveCfg = Release|Any CPU
		{C255D3D3-4278-4483-8E36-EE938918E3C8}.Release|ARM.Build.0 = Release|Any CPU
		{C255D3D3-4278-4483-8E36-EE938918E3C8}.Release|ARM64.ActiveCfg = Release|Any CPU
		{C255D3D3-4278-4483-8E36-EE938918E3C8}.Release|ARM64.Build.0 = Release|Any CPU
		{C255D3D3-4278-4483-8E36-EE938918E3C8}.Release|x64.ActiveCfg = Release|Any CPU
		{C255D3D3-4278-4483-8E36-EE938918E3C8}.Release|x64.Build.0 = Release|Any CPU
		{C255D3D3-4278-4483-8E36-EE938918E3C8}.Release|x86.ActiveCfg = Release|Any CPU
		{C255D3D3-4278-4483-8E36-EE938918E3C8}.Release|x86.Build.0 = Release|Any CPU
	EndGlobalSection
	GlobalSection(SolutionProperties) = preSolution
		HideSolutionNode = FALSE
	EndGlobalSection
	GlobalSection(ExtensibilityGlobals) = postSolution
		SolutionGuid = {5602E056-4E1D-44AF-A2ED-E42E5B01FE73}
	EndGlobalSection
EndGlobal
